
Microsoft Visual Studio Solution File, Format Version 12.00
# Visual Studio Version 16
VisualStudioVersion = 16.0.29519.181
MinimumVisualStudioVersion = 10.0.40219.1
Project("{FAE04EC0-301F-11D3-BF4B-00C04F79EFBC}") = "WordToPdf.Producer", "WordToPdf.Producer\WordToPdf.Producer.csproj", "{26486D18-9C34-4E72-A5C5-9A06E29150D6}"
EndProject
Project("{FAE04EC0-301F-11D3-BF4B-00C04F79EFBC}") = "WordToPdf.Consumer", "WordToPdf.Consumer\WordToPdf.Consumer.csproj", "{048F8CC9-DCE4-490F-8301-C20771EFC45C}"
EndProject
Global
	GlobalSection(SolutionConfigurationPlatforms) = preSolution
		Debug|Any CPU = Debug|Any CPU
		Release|Any CPU = Release|Any CPU
	EndGlobalSection
	GlobalSection(ProjectConfigurationPlatforms) = postSolution
		{26486D18-9C34-4E72-A5C5-9A06E29150D6}.Debug|Any CPU.ActiveCfg = Debug|Any CPU
		{26486D18-9C34-4E72-A5C5-9A06E29150D6}.Debug|Any CPU.Build.0 = Debug|Any CPU
		{26486D18-9C34-4E72-A5C5-9A06E29150D6}.Release|Any CPU.ActiveCfg = Release|Any CPU
		{26486D18-9C34-4E72-A5C5-9A06E29150D6}.Release|Any CPU.Build.0 = Release|Any CPU
		{048F8CC9-DCE4-490F-8301-C20771EFC45C}.Debug|Any CPU.ActiveCfg = Debug|Any CPU
		{048F8CC9-DCE4-490F-8301-C20771EFC45C}.Debug|Any CPU.Build.0 = Debug|Any CPU
		{048F8CC9-DCE4-490F-8301-C20771EFC45C}.Release|Any CPU.ActiveCfg = Release|Any CPU
		{048F8CC9-DCE4-490F-8301-C20771EFC45C}.Release|Any CPU.Build.0 = Release|Any CPU
	EndGlobalSection
	GlobalSection(SolutionProperties) = preSolution
		HideSolutionNode = FALSE
	EndGlobalSection
	GlobalSection(ExtensibilityGlobals) = postSolution
		SolutionGuid = {CFA4FE2F-AE69-4DE3-8475-EADA8169A880}
	EndGlobalSection
EndGlobal
